
Microsoft Visual Studio Solution File, Format Version 12.00
# Visual Studio Version 17
VisualStudioVersion = 17.9.34714.143
MinimumVisualStudioVersion = 10.0.40219.1
Project("{2150E333-8FDC-42A3-9474-1A3956D46DE8}") = "Services", "Services", "{C9CF6DD1-B52B-4381-8FAC-61A924FE55A7}"
EndProject
Project("{9A19103F-16F7-4668-BE54-9A1E7A4F7556}") = "Services.Booking", "TBS.Services.Booking\Services.Booking.csproj", "{C195D094-F7E5-4CD2-9BC7-30055F573FDC}"
EndProject
Project("{9A19103F-16F7-4668-BE54-9A1E7A4F7556}") = "Services.Trains", "TBS.Services.Trains\Services.Trains.csproj", "{298F8DA8-92C7-45FA-AD6A-B089A96BBF99}"
EndProject
Project("{9A19103F-16F7-4668-BE54-9A1E7A4F7556}") = "Services.Admin", "TBS.Services.Admin\Services.Admin.csproj", "{DA26AB8D-5093-498D-824F-FA8D7BEB9953}"
EndProject
Global
	GlobalSection(SolutionConfigurationPlatforms) = preSolution
		Debug|Any CPU = Debug|Any CPU
		Release|Any CPU = Release|Any CPU
	EndGlobalSection
	GlobalSection(ProjectConfigurationPlatforms) = postSolution
		{C195D094-F7E5-4CD2-9BC7-30055F573FDC}.Debug|Any CPU.ActiveCfg = Debug|Any CPU
		{C195D094-F7E5-4CD2-9BC7-30055F573FDC}.Debug|Any CPU.Build.0 = Debug|Any CPU
		{C195D094-F7E5-4CD2-9BC7-30055F573FDC}.Release|Any CPU.ActiveCfg = Release|Any CPU
		{C195D094-F7E5-4CD2-9BC7-30055F573FDC}.Release|Any CPU.Build.0 = Release|Any CPU
		{298F8DA8-92C7-45FA-AD6A-B089A96BBF99}.Debug|Any CPU.ActiveCfg = Debug|Any CPU
		{298F8DA8-92C7-45FA-AD6A-B089A96BBF99}.Debug|Any CPU.Build.0 = Debug|Any CPU
		{298F8DA8-92C7-45FA-AD6A-B089A96BBF99}.Release|Any CPU.ActiveCfg = Release|Any CPU
		{298F8DA8-92C7-45FA-AD6A-B089A96BBF99}.Release|Any CPU.Build.0 = Release|Any CPU
		{DA26AB8D-5093-498D-824F-FA8D7BEB9953}.Debug|Any CPU.ActiveCfg = Debug|Any CPU
		{DA26AB8D-5093-498D-824F-FA8D7BEB9953}.Debug|Any CPU.Build.0 = Debug|Any CPU
		{DA26AB8D-5093-498D-824F-FA8D7BEB9953}.Release|Any CPU.ActiveCfg = Release|Any CPU
		{DA26AB8D-5093-498D-824F-FA8D7BEB9953}.Release|Any CPU.Build.0 = Release|Any CPU
	EndGlobalSection
	GlobalSection(SolutionProperties) = preSolution
		HideSolutionNode = FALSE
	EndGlobalSection
	GlobalSection(NestedProjects) = preSolution
		{C195D094-F7E5-4CD2-9BC7-30055F573FDC} = {C9CF6DD1-B52B-4381-8FAC-61A924FE55A7}
		{298F8DA8-92C7-45FA-AD6A-B089A96BBF99} = {C9CF6DD1-B52B-4381-8FAC-61A924FE55A7}
		{DA26AB8D-5093-498D-824F-FA8D7BEB9953} = {C9CF6DD1-B52B-4381-8FAC-61A924FE55A7}
	EndGlobalSection
	GlobalSection(ExtensibilityGlobals) = postSolution
		SolutionGuid = {F2CE5766-9FCA-415C-9CB2-2B5FD8207659}
	EndGlobalSection
EndGlobal
